
Microsoft Visual Studio Solution File, Format Version 12.00
# Visual Studio Version 17
VisualStudioVersion = 17.14.36908.2 d17.14
MinimumVisualStudioVersion = 10.0.40219.1
Project("{54A90642-561A-4BB1-A94E-469ADEE60C69}") = "departamentopessoal.client", "departamentopessoal.client\departamentopessoal.client.esproj", "{78578E52-4DE9-11C6-49FA-0A6A83416724}"
EndProject
Project("{FAE04EC0-301F-11D3-BF4B-00C04F79EFBC}") = "DepartamentoPessoal.Server", "DepartamentoPessoal.Server\DepartamentoPessoal.Server.csproj", "{C44C52F7-2DAF-4E7B-B15A-39E3BCCFFB39}"
EndProject
Project("{FAE04EC0-301F-11D3-BF4B-00C04F79EFBC}") = "CommonTemp", "CommonTemp\CommonTemp.csproj", "{D9333CFD-4A90-4F49-9EB1-065DE8586C0C}"
EndProject
Global
	GlobalSection(SolutionConfigurationPlatforms) = preSolution
		Debug|Any CPU = Debug|Any CPU
		Release|Any CPU = Release|Any CPU
	EndGlobalSection
	GlobalSection(ProjectConfigurationPlatforms) = postSolution
		{78578E52-4DE9-11C6-49FA-0A6A83416724}.Debug|Any CPU.ActiveCfg = Debug|Any CPU
		{78578E52-4DE9-11C6-49FA-0A6A83416724}.Debug|Any CPU.Build.0 = Debug|Any CPU
		{78578E52-4DE9-11C6-49FA-0A6A83416724}.Release|Any CPU.ActiveCfg = Release|Any CPU
		{78578E52-4DE9-11C6-49FA-0A6A83416724}.Release|Any CPU.Build.0 = Release|Any CPU
		{C44C52F7-2DAF-4E7B-B15A-39E3BCCFFB39}.Debug|Any CPU.ActiveCfg = Debug|Any CPU
		{C44C52F7-2DAF-4E7B-B15A-39E3BCCFFB39}.Debug|Any CPU.Build.0 = Debug|Any CPU
		{C44C52F7-2DAF-4E7B-B15A-39E3BCCFFB39}.Release|Any CPU.ActiveCfg = Release|Any CPU
		{C44C52F7-2DAF-4E7B-B15A-39E3BCCFFB39}.Release|Any CPU.Build.0 = Release|Any CPU
		{D9333CFD-4A90-4F49-9EB1-065DE8586C0C}.Debug|Any CPU.ActiveCfg = Debug|Any CPU
		{D9333CFD-4A90-4F49-9EB1-065DE8586C0C}.Debug|Any CPU.Build.0 = Debug|Any CPU
		{D9333CFD-4A90-4F49-9EB1-065DE8586C0C}.Release|Any CPU.ActiveCfg = Release|Any CPU
		{D9333CFD-4A90-4F49-9EB1-065DE8586C0C}.Release|Any CPU.Build.0 = Release|Any CPU
	EndGlobalSection
	GlobalSection(SolutionProperties) = preSolution
		HideSolutionNode = FALSE
	EndGlobalSection
	GlobalSection(ExtensibilityGlobals) = postSolution
		SolutionGuid = {83BA5B0F-052C-4067-9E19-07A4956F6A37}
	EndGlobalSection
EndGlobal
